
Microsoft Visual Studio Solution File, Format Version 12.00
# Visual Studio Version 16
VisualStudioVersion = 16.0.30611.23
MinimumVisualStudioVersion = 10.0.40219.1
Project("{FAE04EC0-301F-11D3-BF4B-00C04F79EFBC}") = "RefactoringAssignment", "RefactoringAssignment\RefactoringAssignment.csproj", "{9BFF84EA-D09C-4E75-A068-CC606F111C2E}"
EndProject
Global
	GlobalSection(SolutionConfigurationPlatforms) = preSolution
		Debug|Any CPU = Debug|Any CPU
		Release|Any CPU = Release|Any CPU
	EndGlobalSection
	GlobalSection(ProjectConfigurationPlatforms) = postSolution
		{9BFF84EA-D09C-4E75-A068-CC606F111C2E}.Debug|Any CPU.ActiveCfg = Debug|Any CPU
		{9BFF84EA-D09C-4E75-A068-CC606F111C2E}.Debug|Any CPU.Build.0 = Debug|Any CPU
		{9BFF84EA-D09C-4E75-A068-CC606F111C2E}.Release|Any CPU.ActiveCfg = Release|Any CPU
		{9BFF84EA-D09C-4E75-A068-CC606F111C2E}.Release|Any CPU.Build.0 = Release|Any CPU
	EndGlobalSection
	GlobalSection(SolutionProperties) = preSolution
		HideSolutionNode = FALSE
	EndGlobalSection
	GlobalSection(ExtensibilityGlobals) = postSolution
		SolutionGuid = {8C947991-E40A-40B7-9E3E-6DD33E9DDEB8}
	EndGlobalSection
EndGlobal
